// !$*UTF8*$!
{
	archiveVersion = 1;
	classes = {
	};
	objectVersion = 50;
	objects = {

/* Begin PBXBuildFile section */
		2F4431B224583DB400AAA9F5 /* AppDelegate.swift in Sources */ = {isa = PBXBuildFile; fileRef = 2F4431B124583DB400AAA9F5 /* AppDelegate.swift */; };
		2F4431B424583DB400AAA9F5 /* SceneDelegate.swift in Sources */ = {isa = PBXBuildFile; fileRef = 2F4431B324583DB400AAA9F5 /* SceneDelegate.swift */; };
		2F4431B924583DB400AAA9F5 /* Main.storyboard in Resources */ = {isa = PBXBuildFile; fileRef = 2F4431B724583DB400AAA9F5 /* Main.storyboard */; };
		2F4431BB24583DCF00AAA9F5 /* Assets.xcassets in Resources */ = {isa = PBXBuildFile; fileRef = 2F4431BA24583DCF00AAA9F5 /* Assets.xcassets */; };
		2F4431BE24583DCF00AAA9F5 /* LaunchScreen.storyboard in Resources */ = {isa = PBXBuildFile; fileRef = 2F4431BC24583DCF00AAA9F5 /* LaunchScreen.storyboard */; };
		2F4431C924583DD000AAA9F5 /* MusicPlayerTests.swift in Sources */ = {isa = PBXBuildFile; fileRef = 2F4431C824583DD000AAA9F5 /* MusicPlayerTests.swift */; };
		2F4431D424583DD000AAA9F5 /* MusicPlayerUITests.swift in Sources */ = {isa = PBXBuildFile; fileRef = 2F4431D324583DD000AAA9F5 /* MusicPlayerUITests.swift */; };
		2F4431E224583EFB00AAA9F5 /* GenreButtonScreen.swift in Sources */ = {isa = PBXBuildFile; fileRef = 2F4431E124583EFB00AAA9F5 /* GenreButtonScreen.swift */; };
/* End PBXBuildFile section */

/* Begin PBXContainerItemProxy section */
		2F4431C524583DD000AAA9F5 /* PBXContainerItemProxy */ = {
			isa = PBXContainerItemProxy;
			containerPortal = 2F4431A624583DB400AAA9F5 /* Project object */;
			proxyType = 1;
			remoteGlobalIDString = 2F4431AD24583DB400AAA9F5;
			remoteInfo = MusicPlayer;
		};
		2F4431D024583DD000AAA9F5 /* PBXContainerItemProxy */ = {
			isa = PBXContainerItemProxy;
			containerPortal = 2F4431A624583DB400AAA9F5 /* Project object */;
			proxyType = 1;
			remoteGlobalIDString = 2F4431AD24583DB400AAA9F5;
			remoteInfo = MusicPlayer;
		};
/* End PBXContainerItemProxy section */

/* Begin PBXFileReference section */
		2F4431AE24583DB400AAA9F5 /* MusicPlayer.app */ = {isa = PBXFileReference; explicitFileType = wrapper.application; includeInIndex = 0; path = MusicPlayer.app; sourceTree = BUILT_PRODUCTS_DIR; };
		2F4431B124583DB400AAA9F5 /* AppDelegate.swift */ = {isa = PBXFileReference; lastKnownFileType = sourcecode.swift; path = AppDelegate.swift; sourceTree = "<group>"; };
		2F4431B324583DB400AAA9F5 /* SceneDelegate.swift */ = {isa = PBXFileReference; lastKnownFileType = sourcecode.swift; path = SceneDelegate.swift; sourceTree = "<group>"; };
		2F4431B824583DB400AAA9F5 /* Base */ = {isa = PBXFileReference; lastKnownFileType = file.storyboard; name = Base; path = Base.lproj/Main.storyboard; sourceTree = "<group>"; };
		2F4431BA24583DCF00AAA9F5 /* Assets.xcassets */ = {isa = PBXFileReference; lastKnownFileType = folder.assetcatalog; path = Assets.xcassets; sourceTree = "<group>"; };
		2F4431BD24583DCF00AAA9F5 /* Base */ = {isa = PBXFileReference; lastKnownFileType = file.storyboard; name = Base; path = Base.lproj/LaunchScreen.storyboard; sourceTree = "<group>"; };
		2F4431BF24583DCF00AAA9F5 /* Info.plist */ = {isa = PBXFileReference; lastKnownFileType = text.plist.xml; path = Info.plist; sourceTree = "<group>"; };
		2F4431C424583DD000AAA9F5 /* MusicPlayerTests.xctest */ = {isa = PBXFileReference; explicitFileType = wrapper.cfbundle; includeInIndex = 0; path = MusicPlayerTests.xctest; sourceTree = BUILT_PRODUCTS_DIR; };
		2F4431C824583DD000AAA9F5 /* MusicPlayerTests.swift */ = {isa = PBXFileReference; lastKnownFileType = sourcecode.swift; path = MusicPlayerTests.swift; sourceTree = "<group>"; };
		2F4431CA24583DD000AAA9F5 /* Info.plist */ = {isa = PBXFileReference; lastKnownFileType = text.plist.xml; path = Info.plist; sourceTree = "<group>"; };
		2F4431CF24583DD000AAA9F5 /* MusicPlayerUITests.xctest */ = {isa = PBXFileReference; explicitFileType = wrapper.cfbundle; includeInIndex = 0; path = MusicPlayerUITests.xctest; sourceTree = BUILT_PRODUCTS_DIR; };
		2F4431D324583DD000AAA9F5 /* MusicPlayerUITests.swift */ = {isa = PBXFileReference; lastKnownFileType = sourcecode.swift; path = MusicPlayerUITests.swift; sourceTree = "<group>"; };
		2F4431D524583DD000AAA9F5 /* Info.plist */ = {isa = PBXFileReference; lastKnownFileType = text.plist.xml; path = Info.plist; sourceTree = "<group>"; };
		2F4431E124583EFB00AAA9F5 /* GenreButtonScreen.swift */ = {isa = PBXFileReference; lastKnownFileType = sourcecode.swift; path = GenreButtonScreen.swift; sourceTree = "<group>"; };
/* End PBXFileReference section */

/* Begin PBXFrameworksBuildPhase section */
		2F4431AB24583DB400AAA9F5 /* Frameworks */ = {
			isa = PBXFrameworksBuildPhase;
			buildActionMask = 2147483647;
			files = (
			);
			runOnlyForDeploymentPostprocessing = 0;
		};
		2F4431C124583DD000AAA9F5 /* Frameworks */ = {
			isa = PBXFrameworksBuildPhase;
			buildActionMask = 2147483647;
			files = (
			);
			runOnlyForDeploymentPostprocessing = 0;
		};
		2F4431CC24583DD000AAA9F5 /* Frameworks */ = {
			isa = PBXFrameworksBuildPhase;
			buildActionMask = 2147483647;
			files = (
			);
			runOnlyForDeploymentPostprocessing = 0;
		};
/* End PBXFrameworksBuildPhase section */

/* Begin PBXGroup section */
		2F4431A524583DB400AAA9F5 = {
			isa = PBXGroup;
			children = (
				2F4431B024583DB400AAA9F5 /* MusicPlayer */,
				2F4431C724583DD000AAA9F5 /* MusicPlayerTests */,
				2F4431D224583DD000AAA9F5 /* MusicPlayerUITests */,
				2F4431AF24583DB400AAA9F5 /* Products */,
			);
			sourceTree = "<group>";
		};
		2F4431AF24583DB400AAA9F5 /* Products */ = {
			isa = PBXGroup;
			children = (
				2F4431AE24583DB400AAA9F5 /* MusicPlayer.app */,
				2F4431C424583DD000AAA9F5 /* MusicPlayerTests.xctest */,
				2F4431CF24583DD000AAA9F5 /* MusicPlayerUITests.xctest */,
			);
			name = Products;
			sourceTree = "<group>";
		};
		2F4431B024583DB400AAA9F5 /* MusicPlayer */ = {
			isa = PBXGroup;
			children = (
				2F4431B124583DB400AAA9F5 /* AppDelegate.swift */,
				2F4431E124583EFB00AAA9F5 /* GenreButtonScreen.swift */,
				2F4431B324583DB400AAA9F5 /* SceneDelegate.swift */,
				2F4431B724583DB400AAA9F5 /* Main.storyboard */,
				2F4431BA24583DCF00AAA9F5 /* Assets.xcassets */,
				2F4431BC24583DCF00AAA9F5 /* LaunchScreen.storyboard */,
				2F4431BF24583DCF00AAA9F5 /* Info.plist */,
			);
			path = MusicPlayer;
			sourceTree = "<group>";
		};
		2F4431C724583DD000AAA9F5 /* MusicPlayerTests */ = {
			isa = PBXGroup;
			children = (
				2F4431C824583DD000AAA9F5 /* MusicPlayerTests.swift */,
				2F4431CA24583DD000AAA9F5 /* Info.plist */,
			);
			path = MusicPlayerTests;
			sourceTree = "<group>";
		};
		2F4431D224583DD000AAA9F5 /* MusicPlayerUITests */ = {
			isa = PBXGroup;
			children = (
				2F4431D324583DD000AAA9F5 /* MusicPlayerUITests.swift */,
				2F4431D524583DD000AAA9F5 /* Info.plist */,
			);
			path = MusicPlayerUITests;
			sourceTree = "<group>";
		};
/* End PBXGroup section */

/* Begin PBXNativeTarget section */
		2F4431AD24583DB400AAA9F5 /* MusicPlayer */ = {
			isa = PBXNativeTarget;
			buildConfigurationList = 2F4431D824583DD000AAA9F5 /* Build configuration list for PBXNativeTarget "MusicPlayer" */;
			buildPhases = (
				2F4431AA24583DB400AAA9F5 /* Sources */,
				2F4431AB24583DB400AAA9F5 /* Frameworks */,
				2F4431AC24583DB400AAA9F5 /* Resources */,
			);
			buildRules = (
			);
			dependencies = (
			);
			name = MusicPlayer;
			productName = MusicPlayer;
			productReference = 2F4431AE24583DB400AAA9F5 /* MusicPlayer.app */;
			productType = "com.apple.product-type.application";
		};
		2F4431C324583DD000AAA9F5 /* MusicPlayerTests */ = {
			isa = PBXNativeTarget;
			buildConfigurationList = 2F4431DB24583DD000AAA9F5 /* Build configuration list for PBXNativeTarget "MusicPlayerTests" */;
			buildPhases = (
				2F4431C024583DD000AAA9F5 /* Sources */,
				2F4431C124583DD000AAA9F5 /* Frameworks */,
				2F4431C224583DD000AAA9F5 /* Resources */,
			);
			buildRules = (
			);
			dependencies = (
				2F4431C624583DD000AAA9F5 /* PBXTargetDependency */,
			);
			name = MusicPlayerTests;
			productName = MusicPlayerTests;
			productReference = 2F4431C424583DD000AAA9F5 /* MusicPlayerTests.xctest */;
			productType = "com.apple.product-type.bundle.unit-test";
		};
		2F4431CE24583DD000AAA9F5 /* MusicPlayerUITests */ = {
			isa = PBXNativeTarget;
			buildConfigurationList = 2F4431DE24583DD000AAA9F5 /* Build configuration list for PBXNativeTarget "MusicPlayerUITests" */;
			buildPhases = (
				2F4431CB24583DD000AAA9F5 /* Sources */,
				2F4431CC24583DD000AAA9F5 /* Frameworks */,
				2F4431CD24583DD000AAA9F5 /* Resources */,
			);
			buildRules = (
			);
			dependencies = (
				2F4431D124583DD000AAA9F5 /* PBXTargetDependency */,
			);
			name = MusicPlayerUITests;
			productName = MusicPlayerUITests;
			productReference = 2F4431CF24583DD000AAA9F5 /* MusicPlayerUITests.xctest */;
			productType = "com.apple.product-type.bundle.ui-testing";
		};
/* End PBXNativeTarget section */

/* Begin PBXProject section */
		2F4431A624583DB400AAA9F5 /* Project object */ = {
			isa = PBXProject;
			attributes = {
				LastSwiftUpdateCheck = 1140;
				LastUpgradeCheck = 1140;
				ORGANIZATIONNAME = "Christiaan Venter";
				TargetAttributes = {
					2F4431AD24583DB400AAA9F5 = {
						CreatedOnToolsVersion = 11.4.1;
					};
					2F4431C324583DD000AAA9F5 = {
						CreatedOnToolsVersion = 11.4.1;
						TestTargetID = 2F4431AD24583DB400AAA9F5;
					};
					2F4431CE24583DD000AAA9F5 = {
						CreatedOnToolsVersion = 11.4.1;
						TestTargetID = 2F4431AD24583DB400AAA9F5;
					};
				};
			};
			buildConfigurationList = 2F4431A924583DB400AAA9F5 /* Build configuration list for PBXProject "MusicPlayer" */;
			compatibilityVersion = "Xcode 9.3";
			developmentRegion = en;
			hasScannedForEncodings = 0;
			knownRegions = (
				en,
				Base,
			);
			mainGroup = 2F4431A524583DB400AAA9F5;
			productRefGroup = 2F4431AF24583DB400AAA9F5 /* Products */;
			projectDirPath = "";
			projectRoot = "";
			targets = (
				2F4431AD24583DB400AAA9F5 /* MusicPlayer */,
				2F4431C324583DD000AAA9F5 /* MusicPlayerTests */,
				2F4431CE24583DD000AAA9F5 /* MusicPlayerUITests */,
			);
		};
/* End PBXProject section */

/* Begin PBXResourcesBuildPhase section */
		2F4431AC24583DB400AAA9F5 /* Resources */ = {
			isa = PBXResourcesBuildPhase;
			buildActionMask = 2147483647;
			files = (
				2F4431BE24583DCF00AAA9F5 /* LaunchScreen.storyboard in Resources */,
				2F4431BB24583DCF00AAA9F5 /* Assets.xcassets in Resources */,
				2F4431B924583DB400AAA9F5 /* Main.storyboard in Resources */,
			);
			runOnlyForDeploymentPostprocessing = 0;
		};
		2F4431C224583DD000AAA9F5 /* Resources */ = {
			isa = PBXResourcesBuildPhase;
			buildActionMask = 2147483647;
			files = (
			);
			runOnlyForDeploymentPostprocessing = 0;
		};
		2F4431CD24583DD000AAA9F5 /* Resources */ = {
			isa = PBXResourcesBuildPhase;
			buildActionMask = 2147483647;
			files = (
			);
			runOnlyForDeploymentPostprocessing = 0;
		};
/* End PBXResourcesBuildPhase section */

/* Begin PBXSourcesBuildPhase section */
		2F4431AA24583DB400AAA9F5 /* Sources */ = {
			isa = PBXSourcesBuildPhase;
			buildActionMask = 2147483647;
			files = (
				2F4431B224583DB400AAA9F5 /* AppDelegate.swift in Sources */,
				2F4431B424583DB400AAA9F5 /* SceneDelegate.swift in Sources */,
				2F4431E224583EFB00AAA9F5 /* GenreButtonScreen.swift in Sources */,
			);
			runOnlyForDeploymentPostprocessing = 0;
		};
		2F4431C024583DD000AAA9F5 /* Sources */ = {
			isa = PBXSourcesBuildPhase;
			buildActionMask = 2147483647;
			files = (
				2F4431C924583DD000AAA9F5 /* MusicPlayerTests.swift in Sources */,
			);
			runOnlyForDeploymentPostprocessing = 0;
		};
		2F4431CB24583DD000AAA9F5 /* Sources */ = {
			isa = PBXSourcesBuildPhase;
			buildActionMask = 2147483647;
			files = (
				2F4431D424583DD000AAA9F5 /* MusicPlayerUITests.swift in Sources */,
			);
			runOnlyForDeploymentPostprocessing = 0;
		};
/* End PBXSourcesBuildPhase section */

/* Begin PBXTargetDependency section */
		2F4431C624583DD000AAA9F5 /* PBXTargetDependency */ = {
			isa = PBXTargetDependency;
			target = 2F4431AD24583DB400AAA9F5 /* MusicPlayer */;
			targetProxy = 2F4431C524583DD000AAA9F5 /* PBXContainerItemProxy */;
		};
		2F4431D124583DD000AAA9F5 /* PBXTargetDependency */ = {
			isa = PBXTargetDependency;
			target = 2F4431AD24583DB400AAA9F5 /* MusicPlayer */;
			targetProxy = 2F4431D024583DD000AAA9F5 /* PBXContainerItemProxy */;
		};
/* End PBXTargetDependency section */

/* Begin PBXVariantGroup section */
		2F4431B724583DB400AAA9F5 /* Main.storyboard */ = {
			isa = PBXVariantGroup;
			children = (
				2F4431B824583DB400AAA9F5 /* Base */,
			);
			name = Main.storyboard;
			sourceTree = "<group>";
		};
		2F4431BC24583DCF00AAA9F5 /* LaunchScreen.storyboard */ = {
			isa = PBXVariantGroup;
			children = (
				2F4431BD24583DCF00AAA9F5 /* Base */,
			);
			name = LaunchScreen.storyboard;
			sourceTree = "<group>";
		};
/* End PBXVariantGroup section */

/* Begin XCBuildConfiguration section */
		2F4431D624583DD000AAA9F5 /* Debug */ = {
			isa = XCBuildConfiguration;
			buildSettings = {
				ALWAYS_SEARCH_USER_PATHS = NO;
				CLANG_ANALYZER_NONNULL = YES;
				CLANG_ANALYZER_NUMBER_OBJECT_CONVERSION = YES_AGGRESSIVE;
				CLANG_CXX_LANGUAGE_STANDARD = "gnu++14";
				CLANG_CXX_LIBRARY = "libc++";
				CLANG_ENABLE_MODULES = YES;
				CLANG_ENABLE_OBJC_ARC = YES;
				CLANG_ENABLE_OBJC_WEAK = YES;
				CLANG_WARN_BLOCK_CAPTURE_AUTORELEASING = YES;
				CLANG_WARN_BOOL_CONVERSION = YES;
				CLANG_WARN_COMMA = YES;
				CLANG_WARN_CONSTANT_CONVERSION = YES;
				CLANG_WARN_DEPRECATED_OBJC_IMPLEMENTATIONS = YES;
				CLANG_WARN_DIRECT_OBJC_ISA_USAGE = YES_ERROR;
				CLANG_WARN_DOCUMENTATION_COMMENTS = YES;
				CLANG_WARN_EMPTY_BODY = YES;
				CLANG_WARN_ENUM_CONVERSION = YES;
				CLANG_WARN_INFINITE_RECURSION = YES;
				CLANG_WARN_INT_CONVERSION = YES;
				CLANG_WARN_NON_LITERAL_NULL_CONVERSION = YES;
				CLANG_WARN_OBJC_IMPLICIT_RETAIN_SELF = YES;
				CLANG_WARN_OBJC_LITERAL_CONVERSION = YES;
				CLANG_WARN_OBJC_ROOT_CLASS = YES_ERROR;
				CLANG_WARN_RANGE_LOOP_ANALYSIS = YES;
				CLANG_WARN_STRICT_PROTOTYPES = YES;
				CLANG_WARN_SUSPICIOUS_MOVE = YES;
				CLANG_WARN_UNGUARDED_AVAILABILITY = YES_AGGRESSIVE;
				CLANG_WARN_UNREACHABLE_CODE = YES;
				CLANG_WARN__DUPLICATE_METHOD_MATCH = YES;
				COPY_PHASE_STRIP = NO;
				DEBUG_INFORMATION_FORMAT = dwarf;
				ENABLE_STRICT_OBJC_MSGSEND = YES;
				ENABLE_TESTABILITY = YES;
				GCC_C_LANGUAGE_STANDARD = gnu11;
				GCC_DYNAMIC_NO_PIC = NO;
				GCC_NO_COMMON_BLOCKS = YES;
				GCC_OPTIMIZATION_LEVEL = 0;
				GCC_PREPROCESSOR_DEFINITIONS = (
					"DEBUG=1",
					"$(inherited)",
				);
				GCC_WARN_64_TO_32_BIT_CONVERSION = YES;
				GCC_WARN_ABOUT_RETURN_TYPE = YES_ERROR;
				GCC_WARN_UNDECLARED_SELECTOR = YES;
				GCC_WARN_UNINITIALIZED_AUTOS = YES_AGGRESSIVE;
				GCC_WARN_UNUSED_FUNCTION = YES;
				GCC_WARN_UNUSED_VARIABLE = YES;
				IPHONEOS_DEPLOYMENT_TARGET = 13.4;
				MTL_ENABLE_DEBUG_INFO = INCLUDE_SOURCE;
				MTL_FAST_MATH = YES;
				ONLY_ACTIVE_ARCH = YES;
				SDKROOT = iphoneos;
				SWIFT_ACTIVE_COMPILATION_CONDITIONS = DEBUG;
				SWIFT_OPTIMIZATION_LEVEL = "-Onone";
			};
			name = Debug;
		};
		2F4431D724583DD000AAA9F5 /* Release */ = {
			isa = XCBuildConfiguration;
			buildSettings = {
				ALWAYS_SEARCH_USER_PATHS = NO;
				CLANG_ANALYZER_NONNULL = YES;
				CLANG_ANALYZER_NUMBER_OBJECT_CONVERSION = YES_AGGRESSIVE;
				CLANG_CXX_LANGUAGE_STANDARD = "gnu++14";
				CLANG_CXX_LIBRARY = "libc++";
				CLANG_ENABLE_MODULES = YES;
				CLANG_ENABLE_OBJC_ARC = YES;
				CLANG_ENABLE_OBJC_WEAK = YES;
				CLANG_WARN_BLOCK_CAPTURE_AUTORELEASING = YES;
				CLANG_WARN_BOOL_CONVERSION = YES;
				CLANG_WARN_COMMA = YES;
				CLANG_WARN_CONSTANT_CONVERSION = YES;
				CLANG_WARN_DEPRECATED_OBJC_IMPLEMENTATIONS = YES;
				CLANG_WARN_DIRECT_OBJC_ISA_USAGE = YES_ERROR;
				CLANG_WARN_DOCUMENTATION_COMMENTS = YES;
				CLANG_WARN_EMPTY_BODY = YES;
				CLANG_WARN_ENUM_CONVERSION = YES;
				CLANG_WARN_INFINITE_RECURSION = YES;
				CLANG_WARN_INT_CONVERSION = YES;
				CLANG_WARN_NON_LITERAL_NULL_CONVERSION = YES;
				CLANG_WARN_OBJC_IMPLICIT_RETAIN_SELF = YES;
				CLANG_WARN_OBJC_LITERAL_CONVERSION = YES;
				CLANG_WARN_OBJC_ROOT_CLASS = YES_ERROR;
				CLANG_WARN_RANGE_LOOP_ANALYSIS = YES;
				CLANG_WARN_STRICT_PROTOTYPES = YES;
				CLANG_WARN_SUSPICIOUS_MOVE = YES;
				CLANG_WARN_UNGUARDED_AVAILABILITY = YES_AGGRESSIVE;
				CLANG_WARN_UNREACHABLE_CODE = YES;
				CLANG_WARN__DUPLICATE_METHOD_MATCH = YES;
				COPY_PHASE_STRIP = NO;
				DEBUG_INFORMATION_FORMAT = "dwarf-with-dsym";
				ENABLE_NS_ASSERTIONS = NO;
				ENABLE_STRICT_OBJC_MSGSEND = YES;
				GCC_C_LANGUAGE_STANDARD = gnu11;
				GCC_NO_COMMON_BLOCKS = YES;
				GCC_WARN_64_TO_32_BIT_CONVERSION = YES;
				GCC_WARN_ABOUT_RETURN_TYPE = YES_ERROR;
				GCC_WARN_UNDECLARED_SELECTOR = YES;
				GCC_WARN_UNINITIALIZED_AUTOS = YES_AGGRESSIVE;
				GCC_WARN_UNUSED_FUNCTION = YES;
				GCC_WARN_UNUSED_VARIABLE = YES;
				IPHONEOS_DEPLOYMENT_TARGET = 13.4;
				MTL_ENABLE_DEBUG_INFO = NO;
				MTL_FAST_MATH = YES;
				SDKROOT = iphoneos;
				SWIFT_COMPILATION_MODE = wholemodule;
				SWIFT_OPTIMIZATION_LEVEL = "-O";
				VALIDATE_PRODUCT = YES;
			};
			name = Release;
		};
		2F4431D924583DD000AAA9F5 /* Debug */ = {
			isa = XCBuildConfiguration;
			buildSettings = {
				ASSETCATALOG_COMPILER_APPICON_NAME = AppIcon;
				CODE_SIGN_STYLE = Automatic;
				DEVELOPMENT_TEAM = X43BQR38MQ;
				INFOPLIST_FILE = MusicPlayer/Info.plist;
				IPHONEOS_DEPLOYMENT_TARGET = 13.3;
				LD_RUNPATH_SEARCH_PATHS = (
					"$(inherited)",
					"@executable_path/Frameworks",
				);
				PRODUCT_BUNDLE_IDENTIFIER = com.christiaanventer.MusicPlayer;
				PRODUCT_NAME = "$(TARGET_NAME)";
				SWIFT_VERSION = 5.0;
				TARGETED_DEVICE_FAMILY = 1;
			};
			name = Debug;
		};
		2F4431DA24583DD000AAA9F5 /* Release */ = {
			isa = XCBuildConfiguration;
			buildSettings = {
				ASSETCATALOG_COMPILER_APPICON_NAME = AppIcon;
				CODE_SIGN_STYLE = Automatic;
				DEVELOPMENT_TEAM = X43BQR38MQ;
				INFOPLIST_FILE = MusicPlayer/Info.plist;
				IPHONEOS_DEPLOYMENT_TARGET = 13.3;
				LD_RUNPATH_SEARCH_PATHS = (
					"$(inherited)",
					"@executable_path/Frameworks",
				);
				PRODUCT_BUNDLE_IDENTIFIER = com.christiaanventer.MusicPlayer;
				PRODUCT_NAME = "$(TARGET_NAME)";
				SWIFT_VERSION = 5.0;
				TARGETED_DEVICE_FAMILY = 1;
			};
			name = Release;
		};
		2F4431DC24583DD000AAA9F5 /* Debug */ = {
			isa = XCBuildConfiguration;
			buildSettings = {
				ALWAYS_EMBED_SWIFT_STANDARD_LIBRARIES = YES;
				BUNDLE_LOADER = "$(TEST_HOST)";
				CODE_SIGN_STYLE = Automatic;
				DEVELOPMENT_TEAM = X43BQR38MQ;
				INFOPLIST_FILE = MusicPlayerTests/Info.plist;
				IPHONEOS_DEPLOYMENT_TARGET = 13.4;
				LD_RUNPATH_SEARCH_PATHS = (
					"$(inherited)",
					"@executable_path/Frameworks",
					"@loader_path/Frameworks",
				);
				PRODUCT_BUNDLE_IDENTIFIER = com.christiaanventer.MusicPlayerTests;
				PRODUCT_NAME = "$(TARGET_NAME)";
				SWIFT_VERSION = 5.0;
				TARGETED_DEVICE_FAMILY = "1,2";
				TEST_HOST = "$(BUILT_PRODUCTS_DIR)/MusicPlayer.app/MusicPlayer";
			};
			name = Debug;
		};
		2F4431DD24583DD000AAA9F5 /* Release */ = {
			isa = XCBuildConfiguration;
			buildSettings = {
				ALWAYS_EMBED_SWIFT_STANDARD_LIBRARIES = YES;
				BUNDLE_LOADER = "$(TEST_HOST)";
				CODE_SIGN_STYLE = Automatic;
				DEVELOPMENT_TEAM = X43BQR38MQ;
				INFOPLIST_FILE = MusicPlayerTests/Info.plist;
				IPHONEOS_DEPLOYMENT_TARGET = 13.4;
				LD_RUNPATH_SEARCH_PATHS = (
					"$(inherited)",
					"@executable_path/Frameworks",
					"@loader_path/Frameworks",
				);
				PRODUCT_BUNDLE_IDENTIFIER = com.christiaanventer.MusicPlayerTests;
				PRODUCT_NAME = "$(TARGET_NAME)";
				SWIFT_VERSION = 5.0;
				TARGETED_DEVICE_FAMILY = "1,2";
				TEST_HOST = "$(BUILT_PRODUCTS_DIR)/MusicPlayer.app/MusicPlayer";
			};
			name = Release;
		};
		2F4431DF24583DD000AAA9F5 /* Debug */ = {
			isa = XCBuildConfiguration;
			buildSettings = {
				ALWAYS_EMBED_SWIFT_STANDARD_LIBRARIES = YES;
				CODE_SIGN_STYLE = Automatic;
				DEVELOPMENT_TEAM = X43BQR38MQ;
				INFOPLIST_FILE = MusicPlayerUITests/Info.plist;
				LD_RUNPATH_SEARCH_PATHS = (
					"$(inherited)",
					"@executable_path/Frameworks",
					"@loader_path/Frameworks",
				);
				PRODUCT_BUNDLE_IDENTIFIER = com.christiaanventer.MusicPlayerUITests;
				PRODUCT_NAME = "$(TARGET_NAME)";
				SWIFT_VERSION = 5.0;
				TARGETED_DEVICE_FAMILY = "1,2";
				TEST_TARGET_NAME = MusicPlayer;
			};
			name = Debug;
		};
		2F4431E024583DD000AAA9F5 /* Release */ = {
			isa = XCBuildConfiguration;
			buildSettings = {
				ALWAYS_EMBED_SWIFT_STANDARD_LIBRARIES = YES;
				CODE_SIGN_STYLE = Automatic;
				DEVELOPMENT_TEAM = X43BQR38MQ;
				INFOPLIST_FILE = MusicPlayerUITests/Info.plist;
				LD_RUNPATH_SEARCH_PATHS = (
					"$(inherited)",
					"@executable_path/Frameworks",
					"@loader_path/Frameworks",
				);
				PRODUCT_BUNDLE_IDENTIFIER = com.christiaanventer.MusicPlayerUITests;
				PRODUCT_NAME = "$(TARGET_NAME)";
				SWIFT_VERSION = 5.0;
				TARGETED_DEVICE_FAMILY = "1,2";
				TEST_TARGET_NAME = MusicPlayer;
			};
			name = Release;
		};
/* End XCBuildConfiguration section */

/* Begin XCConfigurationList section */
		2F4431A924583DB400AAA9F5 /* Build configuration list for PBXProject "MusicPlayer" */ = {
			isa = XCConfigurationList;
			buildConfigurations = (
				2F4431D624583DD000AAA9F5 /* Debug */,
				2F4431D724583DD000AAA9F5 /* Release */,
			);
			defaultConfigurationIsVisible = 0;
			defaultConfigurationName = Release;
		};
		2F4431D824583DD000AAA9F5 /* Build configuration list for PBXNativeTarget "MusicPlayer" */ = {
			isa = XCConfigurationList;
			buildConfigurations = (
				2F4431D924583DD000AAA9F5 /* Debug */,
				2F4431DA24583DD000AAA9F5 /* Release */,
			);
			defaultConfigurationIsVisible = 0;
			defaultConfigurationName = Release;
		};
		2F4431DB24583DD000AAA9F5 /* Build configuration list for PBXNativeTarget "MusicPlayerTests" */ = {
			isa = XCConfigurationList;
			buildConfigurations = (
				2F4431DC24583DD000AAA9F5 /* Debug */,
				2F4431DD24583DD000AAA9F5 /* Release */,
			);
			defaultConfigurationIsVisible = 0;
			defaultConfigurationName = Release;
		};
		2F4431DE24583DD000AAA9F5 /* Build configuration list for PBXNativeTarget "MusicPlayerUITests" */ = {
			isa = XCConfigurationList;
			buildConfigurations = (
				2F4431DF24583DD000AAA9F5 /* Debug */,
				2F4431E024583DD000AAA9F5 /* Release */,
			);
			defaultConfigurationIsVisible = 0;
			defaultConfigurationName = Release;
		};
/* End XCConfigurationList section */
	};
	rootObject = 2F4431A624583DB400AAA9F5 /* Project object */;
}
